
Microsoft Visual Studio Solution File, Format Version 12.00
# Visual Studio Version 17
VisualStudioVersion = 17.10.35013.160
MinimumVisualStudioVersion = 10.0.40219.1
Project("{FAE04EC0-301F-11D3-BF4B-00C04F79EFBC}") = "projectss", "projectss.csproj", "{6AABCFF9-078B-4773-A4B9-F8D72EAF387C}"
EndProject
Global
	GlobalSection(SolutionConfigurationPlatforms) = preSolution
		Debug|Any CPU = Debug|Any CPU
		Release|Any CPU = Release|Any CPU
	EndGlobalSection
	GlobalSection(ProjectConfigurationPlatforms) = postSolution
		{6AABCFF9-078B-4773-A4B9-F8D72EAF387C}.Debug|Any CPU.ActiveCfg = Debug|Any CPU
		{6AABCFF9-078B-4773-A4B9-F8D72EAF387C}.Debug|Any CPU.Build.0 = Debug|Any CPU
		{6AABCFF9-078B-4773-A4B9-F8D72EAF387C}.Release|Any CPU.ActiveCfg = Release|Any CPU
		{6AABCFF9-078B-4773-A4B9-F8D72EAF387C}.Release|Any CPU.Build.0 = Release|Any CPU
	EndGlobalSection
	GlobalSection(SolutionProperties) = preSolution
		HideSolutionNode = FALSE
	EndGlobalSection
	GlobalSection(ExtensibilityGlobals) = postSolution
		SolutionGuid = {D6424C83-B90D-4965-A211-CBC731F28837}
	EndGlobalSection
EndGlobal
